// !$*UTF8*$!
{
	archiveVersion = 1;
	classes = {
	};
	objectVersion = 55;
	objects = {

/* Begin PBXBuildFile section */
		5B8FA74227FA9AE80053E6AD /* AnimalService.swift in Sources */ = {isa = PBXBuildFile; fileRef = 5B8FA74127FA9AE80053E6AD /* AnimalService.swift */; };
		5BF793DC27F9490D00D70107 /* OnboardingViewController.swift in Sources */ = {isa = PBXBuildFile; fileRef = 5BF793DB27F9490C00D70107 /* OnboardingViewController.swift */; };
		5BF793DE27F9557300D70107 /* OnboardingSlide.swift in Sources */ = {isa = PBXBuildFile; fileRef = 5BF793DD27F9557200D70107 /* OnboardingSlide.swift */; };
		5BF793E127F958DF00D70107 /* OnboardingCollectionViewCell.swift in Sources */ = {isa = PBXBuildFile; fileRef = 5BF793E027F958DF00D70107 /* OnboardingCollectionViewCell.swift */; };
		6922EF144757C89DC32ECC68 /* Pods_Pawsome.framework in Frameworks */ = {isa = PBXBuildFile; fileRef = 864612827240C32ADF71D728 /* Pods_Pawsome.framework */; };
		C744089727F754BA00226CB0 /* Ubuntu-Regular.ttf in Resources */ = {isa = PBXBuildFile; fileRef = C744089627F754BA00226CB0 /* Ubuntu-Regular.ttf */; };
		D526C9CF27E981730079DBDD /* AppDelegate.swift in Sources */ = {isa = PBXBuildFile; fileRef = D526C9CE27E981730079DBDD /* AppDelegate.swift */; };
		D526C9D327E981730079DBDD /* WalthroughViewController.swift in Sources */ = {isa = PBXBuildFile; fileRef = D526C9D227E981730079DBDD /* WalthroughViewController.swift */; };
		D526C9D627E981730079DBDD /* Main.storyboard in Resources */ = {isa = PBXBuildFile; fileRef = D526C9D427E981730079DBDD /* Main.storyboard */; };
		D526C9D827E981740079DBDD /* Assets.xcassets in Resources */ = {isa = PBXBuildFile; fileRef = D526C9D727E981740079DBDD /* Assets.xcassets */; };
		D526C9DB27E981740079DBDD /* LaunchScreen.storyboard in Resources */ = {isa = PBXBuildFile; fileRef = D526C9D927E981740079DBDD /* LaunchScreen.storyboard */; };
		D526C9E827E985150079DBDD /* GlobalConstraint.swift in Sources */ = {isa = PBXBuildFile; fileRef = D526C9E727E985150079DBDD /* GlobalConstraint.swift */; };
		D534198827F5F44C006411E4 /* WalkerDogListViewController.swift in Sources */ = {isa = PBXBuildFile; fileRef = D534198727F5F44C006411E4 /* WalkerDogListViewController.swift */; };
		D534198A27F5F558006411E4 /* Dog.swift in Sources */ = {isa = PBXBuildFile; fileRef = D534198927F5F558006411E4 /* Dog.swift */; };
		D534198E27F5F8D8006411E4 /* DogListTableViewCell.swift in Sources */ = {isa = PBXBuildFile; fileRef = D534198D27F5F8D8006411E4 /* DogListTableViewCell.swift */; };
		D534199027F5FAD9006411E4 /* UIImageView+Extension.swift in Sources */ = {isa = PBXBuildFile; fileRef = D534198F27F5FAD9006411E4 /* UIImageView+Extension.swift */; };
		D534199227F5FC02006411E4 /* DogProfileViewController.swift in Sources */ = {isa = PBXBuildFile; fileRef = D534199127F5FC02006411E4 /* DogProfileViewController.swift */; };
		D534199427F600F3006411E4 /* WalkerChatTableViewCell.swift in Sources */ = {isa = PBXBuildFile; fileRef = D534199327F600F3006411E4 /* WalkerChatTableViewCell.swift */; };
		D534199627F60167006411E4 /* WalkerChatViewController.swift in Sources */ = {isa = PBXBuildFile; fileRef = D534199527F60167006411E4 /* WalkerChatViewController.swift */; };
		D534199827F60961006411E4 /* WalkerRequestTableViewCell.swift in Sources */ = {isa = PBXBuildFile; fileRef = D534199727F60961006411E4 /* WalkerRequestTableViewCell.swift */; };
		D534199A27F609E9006411E4 /* WalkerRequestViewController.swift in Sources */ = {isa = PBXBuildFile; fileRef = D534199927F609E9006411E4 /* WalkerRequestViewController.swift */; };
		D534199C27F60E6D006411E4 /* WalkerConfirmWalkViewController.swift in Sources */ = {isa = PBXBuildFile; fileRef = D534199B27F60E6D006411E4 /* WalkerConfirmWalkViewController.swift */; };
		D534199E27F60EA3006411E4 /* WalkerConfirmWalkTableViewCell.swift in Sources */ = {isa = PBXBuildFile; fileRef = D534199D27F60EA3006411E4 /* WalkerConfirmWalkTableViewCell.swift */; };
		D53BEAFA27F56C3A00201220 /* Configuration.swift in Sources */ = {isa = PBXBuildFile; fileRef = D53BEAF927F56C3A00201220 /* Configuration.swift */; };
		D53BEB0127F56C4C00201220 /* Response.swift in Sources */ = {isa = PBXBuildFile; fileRef = D53BEAFB27F56C4B00201220 /* Response.swift */; };
		D53BEB0627F56C4C00201220 /* OwnersPost.swift in Sources */ = {isa = PBXBuildFile; fileRef = D53BEB0027F56C4B00201220 /* OwnersPost.swift */; };
		D53BEB0F27F577FF00201220 /* NSLoginManager.swift in Sources */ = {isa = PBXBuildFile; fileRef = D53BEB0D27F577FF00201220 /* NSLoginManager.swift */; };
		D53BEB1027F577FF00201220 /* NSUserDefault.swift in Sources */ = {isa = PBXBuildFile; fileRef = D53BEB0E27F577FF00201220 /* NSUserDefault.swift */; };
		D53BEB1627F5848400201220 /* WalkerListViewController.swift in Sources */ = {isa = PBXBuildFile; fileRef = D53BEB1527F5848400201220 /* WalkerListViewController.swift */; };
		D53BEB1827F5859900201220 /* WalkerListTableViewCell.swift in Sources */ = {isa = PBXBuildFile; fileRef = D53BEB1727F5859900201220 /* WalkerListTableViewCell.swift */; };
		D53BEB2427F5A84100201220 /* WalkerProfileViewController.swift in Sources */ = {isa = PBXBuildFile; fileRef = D53BEB2327F5A84100201220 /* WalkerProfileViewController.swift */; };
		D53BEB2627F5AC5600201220 /* OwnerChatViewController.swift in Sources */ = {isa = PBXBuildFile; fileRef = D53BEB2527F5AC5600201220 /* OwnerChatViewController.swift */; };
		D53BEB2827F5AD5000201220 /* OwnerChatTableViewCell.swift in Sources */ = {isa = PBXBuildFile; fileRef = D53BEB2727F5AD5000201220 /* OwnerChatTableViewCell.swift */; };
		D53BEB2A27F5B07A00201220 /* OwnerRequestTableViewCell.swift in Sources */ = {isa = PBXBuildFile; fileRef = D53BEB2927F5B07A00201220 /* OwnerRequestTableViewCell.swift */; };
		D53BEB2C27F5B15500201220 /* OwnerRequestViewController.swift in Sources */ = {isa = PBXBuildFile; fileRef = D53BEB2B27F5B15500201220 /* OwnerRequestViewController.swift */; };
		D53BEB2E27F5B3AA00201220 /* OwnerConfirmWalkViewController.swift in Sources */ = {isa = PBXBuildFile; fileRef = D53BEB2D27F5B3AA00201220 /* OwnerConfirmWalkViewController.swift */; };
		D53BEB3027F5B3DD00201220 /* ConfirmWalkTableViewCell.swift in Sources */ = {isa = PBXBuildFile; fileRef = D53BEB2F27F5B3DD00201220 /* ConfirmWalkTableViewCell.swift */; };
		D588E8BC27EAF70E00599370 /* LoginViewController.swift in Sources */ = {isa = PBXBuildFile; fileRef = D588E8BB27EAF70E00599370 /* LoginViewController.swift */; };
		D594E92527FA19EE000214EC /* EditProfileViewController.swift in Sources */ = {isa = PBXBuildFile; fileRef = D594E92427FA19EE000214EC /* EditProfileViewController.swift */; };
		D594E92727FA1D74000214EC /* ImagePicker.swift in Sources */ = {isa = PBXBuildFile; fileRef = D594E92627FA1D74000214EC /* ImagePicker.swift */; };
		D594E92927FA313F000214EC /* Animal.swift in Sources */ = {isa = PBXBuildFile; fileRef = D594E92827FA313F000214EC /* Animal.swift */; };
		D594E92B27FA31E9000214EC /* Notice.swift in Sources */ = {isa = PBXBuildFile; fileRef = D594E92A27FA31E9000214EC /* Notice.swift */; };
		D5B5E49627FA03C500ED567E /* ProfileViewController.swift in Sources */ = {isa = PBXBuildFile; fileRef = D5B5E49527FA03C500ED567E /* ProfileViewController.swift */; };
		D5B5E49827FA108A00ED567E /* ChangePasswordViewController.swift in Sources */ = {isa = PBXBuildFile; fileRef = D5B5E49727FA108A00ED567E /* ChangePasswordViewController.swift */; };
		D5B5E49A27FA13C100ED567E /* WalkersProfileViewController.swift in Sources */ = {isa = PBXBuildFile; fileRef = D5B5E49927FA13C100ED567E /* WalkersProfileViewController.swift */; };
		D5B8C20C27F55DFF00A8271D /* CustomTextField.swift in Sources */ = {isa = PBXBuildFile; fileRef = D5B8C20B27F55DFF00A8271D /* CustomTextField.swift */; };
		D5B8C20E27F55EBB00A8271D /* UIView+Extension.swift in Sources */ = {isa = PBXBuildFile; fileRef = D5B8C20D27F55EBB00A8271D /* UIView+Extension.swift */; };
		D5B8C21127F562AF00A8271D /* String+Extension.swift in Sources */ = {isa = PBXBuildFile; fileRef = D5B8C21027F562AF00A8271D /* String+Extension.swift */; };
		D5B8C21327F5638500A8271D /* ViewController+Extension.swift in Sources */ = {isa = PBXBuildFile; fileRef = D5B8C21227F5638500A8271D /* ViewController+Extension.swift */; };
		D5B8C21527F56A5100A8271D /* UIColor+Extension.swift in Sources */ = {isa = PBXBuildFile; fileRef = D5B8C21427F56A5100A8271D /* UIColor+Extension.swift */; };
		D5B8C21927F56B7500A8271D /* WalkerService.swift in Sources */ = {isa = PBXBuildFile; fileRef = D5B8C21727F56B7500A8271D /* WalkerService.swift */; };
		D5B8C21A27F56B7500A8271D /* OwnerService.swift in Sources */ = {isa = PBXBuildFile; fileRef = D5B8C21827F56B7500A8271D /* OwnerService.swift */; };
		D5F6F14E27ECC988003A343C /* SignupViewController.swift in Sources */ = {isa = PBXBuildFile; fileRef = D5F6F14D27ECC988003A343C /* SignupViewController.swift */; };
		D5FE28E327F9B5D800B1EAF1 /* LoginService.swift in Sources */ = {isa = PBXBuildFile; fileRef = D5FE28E227F9B5D800B1EAF1 /* LoginService.swift */; };
		D5FE28E527F9B64200B1EAF1 /* Profile.swift in Sources */ = {isa = PBXBuildFile; fileRef = D5FE28E427F9B64200B1EAF1 /* Profile.swift */; };
		D5FE28E727F9BD8E00B1EAF1 /* Session+Extension.swift in Sources */ = {isa = PBXBuildFile; fileRef = D5FE28E627F9BD8E00B1EAF1 /* Session+Extension.swift */; };
		D5FE28E927F9BDD500B1EAF1 /* RegisterService.swift in Sources */ = {isa = PBXBuildFile; fileRef = D5FE28E827F9BDD500B1EAF1 /* RegisterService.swift */; };
		D5FE28EB27F9C1FB00B1EAF1 /* ProfileService.swift in Sources */ = {isa = PBXBuildFile; fileRef = D5FE28EA27F9C1FB00B1EAF1 /* ProfileService.swift */; };
		D5FE28ED27F9C5D300B1EAF1 /* StaticPage.swift in Sources */ = {isa = PBXBuildFile; fileRef = D5FE28EC27F9C5D300B1EAF1 /* StaticPage.swift */; };
		D5FE28EF27F9C61900B1EAF1 /* StaticPageService.swift in Sources */ = {isa = PBXBuildFile; fileRef = D5FE28EE27F9C61900B1EAF1 /* StaticPageService.swift */; };
		D5FE28F127F9C8B700B1EAF1 /* StaticPageViewController.swift in Sources */ = {isa = PBXBuildFile; fileRef = D5FE28F027F9C8B700B1EAF1 /* StaticPageViewController.swift */; };
/* End PBXBuildFile section */

/* Begin PBXFileReference section */
		22855855E3C6546DA3154897 /* Pods-Pawsome.debug.xcconfig */ = {isa = PBXFileReference; includeInIndex = 1; lastKnownFileType = text.xcconfig; name = "Pods-Pawsome.debug.xcconfig"; path = "Target Support Files/Pods-Pawsome/Pods-Pawsome.debug.xcconfig"; sourceTree = "<group>"; };
		5B8FA74127FA9AE80053E6AD /* AnimalService.swift */ = {isa = PBXFileReference; lastKnownFileType = sourcecode.swift; path = AnimalService.swift; sourceTree = "<group>"; };
		5BF793DB27F9490C00D70107 /* OnboardingViewController.swift */ = {isa = PBXFileReference; lastKnownFileType = sourcecode.swift; path = OnboardingViewController.swift; sourceTree = "<group>"; };
		5BF793DD27F9557200D70107 /* OnboardingSlide.swift */ = {isa = PBXFileReference; lastKnownFileType = sourcecode.swift; path = OnboardingSlide.swift; sourceTree = "<group>"; };
		5BF793E027F958DF00D70107 /* OnboardingCollectionViewCell.swift */ = {isa = PBXFileReference; lastKnownFileType = sourcecode.swift; path = OnboardingCollectionViewCell.swift; sourceTree = "<group>"; };
		864612827240C32ADF71D728 /* Pods_Pawsome.framework */ = {isa = PBXFileReference; explicitFileType = wrapper.framework; includeInIndex = 0; path = Pods_Pawsome.framework; sourceTree = BUILT_PRODUCTS_DIR; };
		C744089627F754BA00226CB0 /* Ubuntu-Regular.ttf */ = {isa = PBXFileReference; lastKnownFileType = file; path = "Ubuntu-Regular.ttf"; sourceTree = "<group>"; };
		D526C9CB27E981730079DBDD /* Pawsome.app */ = {isa = PBXFileReference; explicitFileType = wrapper.application; includeInIndex = 0; path = Pawsome.app; sourceTree = BUILT_PRODUCTS_DIR; };
		D526C9CE27E981730079DBDD /* AppDelegate.swift */ = {isa = PBXFileReference; lastKnownFileType = sourcecode.swift; path = AppDelegate.swift; sourceTree = "<group>"; };
		D526C9D227E981730079DBDD /* WalthroughViewController.swift */ = {isa = PBXFileReference; lastKnownFileType = sourcecode.swift; path = WalthroughViewController.swift; sourceTree = "<group>"; };
		D526C9D527E981730079DBDD /* Base */ = {isa = PBXFileReference; lastKnownFileType = file.storyboard; name = Base; path = Base.lproj/Main.storyboard; sourceTree = "<group>"; };
		D526C9D727E981740079DBDD /* Assets.xcassets */ = {isa = PBXFileReference; lastKnownFileType = folder.assetcatalog; path = Assets.xcassets; sourceTree = "<group>"; };
		D526C9DA27E981740079DBDD /* Base */ = {isa = PBXFileReference; lastKnownFileType = file.storyboard; name = Base; path = Base.lproj/LaunchScreen.storyboard; sourceTree = "<group>"; };
		D526C9DC27E981740079DBDD /* Info.plist */ = {isa = PBXFileReference; lastKnownFileType = text.plist.xml; path = Info.plist; sourceTree = "<group>"; };
		D526C9E727E985150079DBDD /* GlobalConstraint.swift */ = {isa = PBXFileReference; lastKnownFileType = sourcecode.swift; path = GlobalConstraint.swift; sourceTree = "<group>"; };
		D534198727F5F44C006411E4 /* WalkerDogListViewController.swift */ = {isa = PBXFileReference; lastKnownFileType = sourcecode.swift; path = WalkerDogListViewController.swift; sourceTree = "<group>"; };
		D534198927F5F558006411E4 /* Dog.swift */ = {isa = PBXFileReference; lastKnownFileType = sourcecode.swift; path = Dog.swift; sourceTree = "<group>"; };
		D534198D27F5F8D8006411E4 /* DogListTableViewCell.swift */ = {isa = PBXFileReference; lastKnownFileType = sourcecode.swift; path = DogListTableViewCell.swift; sourceTree = "<group>"; };
		D534198F27F5FAD9006411E4 /* UIImageView+Extension.swift */ = {isa = PBXFileReference; lastKnownFileType = sourcecode.swift; path = "UIImageView+Extension.swift"; sourceTree = "<group>"; };
		D534199127F5FC02006411E4 /* DogProfileViewController.swift */ = {isa = PBXFileReference; lastKnownFileType = sourcecode.swift; path = DogProfileViewController.swift; sourceTree = "<group>"; };
		D534199327F600F3006411E4 /* WalkerChatTableViewCell.swift */ = {isa = PBXFileReference; lastKnownFileType = sourcecode.swift; path = WalkerChatTableViewCell.swift; sourceTree = "<group>"; };
		D534199527F60167006411E4 /* WalkerChatViewController.swift */ = {isa = PBXFileReference; lastKnownFileType = sourcecode.swift; path = WalkerChatViewController.swift; sourceTree = "<group>"; };
		D534199727F60961006411E4 /* WalkerRequestTableViewCell.swift */ = {isa = PBXFileReference; lastKnownFileType = sourcecode.swift; path = WalkerRequestTableViewCell.swift; sourceTree = "<group>"; };
		D534199927F609E9006411E4 /* WalkerRequestViewController.swift */ = {isa = PBXFileReference; lastKnownFileType = sourcecode.swift; path = WalkerRequestViewController.swift; sourceTree = "<group>"; };
		D534199B27F60E6D006411E4 /* WalkerConfirmWalkViewController.swift */ = {isa = PBXFileReference; lastKnownFileType = sourcecode.swift; path = WalkerConfirmWalkViewController.swift; sourceTree = "<group>"; };
		D534199D27F60EA3006411E4 /* WalkerConfirmWalkTableViewCell.swift */ = {isa = PBXFileReference; lastKnownFileType = sourcecode.swift; path = WalkerConfirmWalkTableViewCell.swift; sourceTree = "<group>"; };
		D53BEAF927F56C3A00201220 /* Configuration.swift */ = {isa = PBXFileReference; fileEncoding = 4; lastKnownFileType = sourcecode.swift; path = Configuration.swift; sourceTree = "<group>"; };
		D53BEAFB27F56C4B00201220 /* Response.swift */ = {isa = PBXFileReference; fileEncoding = 4; lastKnownFileType = sourcecode.swift; path = Response.swift; sourceTree = "<group>"; };
		D53BEB0027F56C4B00201220 /* OwnersPost.swift */ = {isa = PBXFileReference; fileEncoding = 4; lastKnownFileType = sourcecode.swift; path = OwnersPost.swift; sourceTree = "<group>"; };
		D53BEB0D27F577FF00201220 /* NSLoginManager.swift */ = {isa = PBXFileReference; fileEncoding = 4; lastKnownFileType = sourcecode.swift; path = NSLoginManager.swift; sourceTree = "<group>"; };
		D53BEB0E27F577FF00201220 /* NSUserDefault.swift */ = {isa = PBXFileReference; fileEncoding = 4; lastKnownFileType = sourcecode.swift; path = NSUserDefault.swift; sourceTree = "<group>"; };
		D53BEB1527F5848400201220 /* WalkerListViewController.swift */ = {isa = PBXFileReference; lastKnownFileType = sourcecode.swift; path = WalkerListViewController.swift; sourceTree = "<group>"; };
		D53BEB1727F5859900201220 /* WalkerListTableViewCell.swift */ = {isa = PBXFileReference; lastKnownFileType = sourcecode.swift; path = WalkerListTableViewCell.swift; sourceTree = "<group>"; };
		D53BEB2327F5A84100201220 /* WalkerProfileViewController.swift */ = {isa = PBXFileReference; lastKnownFileType = sourcecode.swift; path = WalkerProfileViewController.swift; sourceTree = "<group>"; };
		D53BEB2527F5AC5600201220 /* OwnerChatViewController.swift */ = {isa = PBXFileReference; lastKnownFileType = sourcecode.swift; path = OwnerChatViewController.swift; sourceTree = "<group>"; };
		D53BEB2727F5AD5000201220 /* OwnerChatTableViewCell.swift */ = {isa = PBXFileReference; lastKnownFileType = sourcecode.swift; path = OwnerChatTableViewCell.swift; sourceTree = "<group>"; };
		D53BEB2927F5B07A00201220 /* OwnerRequestTableViewCell.swift */ = {isa = PBXFileReference; lastKnownFileType = sourcecode.swift; path = OwnerRequestTableViewCell.swift; sourceTree = "<group>"; };
		D53BEB2B27F5B15500201220 /* OwnerRequestViewController.swift */ = {isa = PBXFileReference; lastKnownFileType = sourcecode.swift; path = OwnerRequestViewController.swift; sourceTree = "<group>"; };
		D53BEB2D27F5B3AA00201220 /* OwnerConfirmWalkViewController.swift */ = {isa = PBXFileReference; lastKnownFileType = sourcecode.swift; path = OwnerConfirmWalkViewController.swift; sourceTree = "<group>"; };
		D53BEB2F27F5B3DD00201220 /* ConfirmWalkTableViewCell.swift */ = {isa = PBXFileReference; lastKnownFileType = sourcecode.swift; path = ConfirmWalkTableViewCell.swift; sourceTree = "<group>"; };
		D588E8BB27EAF70E00599370 /* LoginViewController.swift */ = {isa = PBXFileReference; lastKnownFileType = sourcecode.swift; path = LoginViewController.swift; sourceTree = "<group>"; };
		D594E92427FA19EE000214EC /* EditProfileViewController.swift */ = {isa = PBXFileReference; lastKnownFileType = sourcecode.swift; path = EditProfileViewController.swift; sourceTree = "<group>"; };
		D594E92627FA1D74000214EC /* ImagePicker.swift */ = {isa = PBXFileReference; fileEncoding = 4; lastKnownFileType = sourcecode.swift; path = ImagePicker.swift; sourceTree = "<group>"; };
		D594E92827FA313F000214EC /* Animal.swift */ = {isa = PBXFileReference; lastKnownFileType = sourcecode.swift; path = Animal.swift; sourceTree = "<group>"; };
		D594E92A27FA31E9000214EC /* Notice.swift */ = {isa = PBXFileReference; lastKnownFileType = sourcecode.swift; path = Notice.swift; sourceTree = "<group>"; };
		D5B5E49527FA03C500ED567E /* ProfileViewController.swift */ = {isa = PBXFileReference; lastKnownFileType = sourcecode.swift; path = ProfileViewController.swift; sourceTree = "<group>"; };
		D5B5E49727FA108A00ED567E /* ChangePasswordViewController.swift */ = {isa = PBXFileReference; lastKnownFileType = sourcecode.swift; path = ChangePasswordViewController.swift; sourceTree = "<group>"; };
		D5B5E49927FA13C100ED567E /* WalkersProfileViewController.swift */ = {isa = PBXFileReference; lastKnownFileType = sourcecode.swift; path = WalkersProfileViewController.swift; sourceTree = "<group>"; };
		D5B8C20B27F55DFF00A8271D /* CustomTextField.swift */ = {isa = PBXFileReference; lastKnownFileType = sourcecode.swift; path = CustomTextField.swift; sourceTree = "<group>"; };
		D5B8C20D27F55EBB00A8271D /* UIView+Extension.swift */ = {isa = PBXFileReference; lastKnownFileType = sourcecode.swift; path = "UIView+Extension.swift"; sourceTree = "<group>"; };
		D5B8C21027F562AF00A8271D /* String+Extension.swift */ = {isa = PBXFileReference; lastKnownFileType = sourcecode.swift; path = "String+Extension.swift"; sourceTree = "<group>"; };
		D5B8C21227F5638500A8271D /* ViewController+Extension.swift */ = {isa = PBXFileReference; lastKnownFileType = sourcecode.swift; path = "ViewController+Extension.swift"; sourceTree = "<group>"; };
		D5B8C21427F56A5100A8271D /* UIColor+Extension.swift */ = {isa = PBXFileReference; lastKnownFileType = sourcecode.swift; path = "UIColor+Extension.swift"; sourceTree = "<group>"; };
		D5B8C21727F56B7500A8271D /* WalkerService.swift */ = {isa = PBXFileReference; fileEncoding = 4; lastKnownFileType = sourcecode.swift; path = WalkerService.swift; sourceTree = "<group>"; };
		D5B8C21827F56B7500A8271D /* OwnerService.swift */ = {isa = PBXFileReference; fileEncoding = 4; lastKnownFileType = sourcecode.swift; path = OwnerService.swift; sourceTree = "<group>"; };
		D5F6F14D27ECC988003A343C /* SignupViewController.swift */ = {isa = PBXFileReference; lastKnownFileType = sourcecode.swift; path = SignupViewController.swift; sourceTree = "<group>"; };
		D5FE28E227F9B5D800B1EAF1 /* LoginService.swift */ = {isa = PBXFileReference; lastKnownFileType = sourcecode.swift; path = LoginService.swift; sourceTree = "<group>"; };
		D5FE28E427F9B64200B1EAF1 /* Profile.swift */ = {isa = PBXFileReference; lastKnownFileType = sourcecode.swift; path = Profile.swift; sourceTree = "<group>"; };
		D5FE28E627F9BD8E00B1EAF1 /* Session+Extension.swift */ = {isa = PBXFileReference; lastKnownFileType = sourcecode.swift; path = "Session+Extension.swift"; sourceTree = "<group>"; };
		D5FE28E827F9BDD500B1EAF1 /* RegisterService.swift */ = {isa = PBXFileReference; lastKnownFileType = sourcecode.swift; path = RegisterService.swift; sourceTree = "<group>"; };
		D5FE28EA27F9C1FB00B1EAF1 /* ProfileService.swift */ = {isa = PBXFileReference; lastKnownFileType = sourcecode.swift; path = ProfileService.swift; sourceTree = "<group>"; };
		D5FE28EC27F9C5D300B1EAF1 /* StaticPage.swift */ = {isa = PBXFileReference; lastKnownFileType = sourcecode.swift; path = StaticPage.swift; sourceTree = "<group>"; };
		D5FE28EE27F9C61900B1EAF1 /* StaticPageService.swift */ = {isa = PBXFileReference; lastKnownFileType = sourcecode.swift; path = StaticPageService.swift; sourceTree = "<group>"; };
		D5FE28F027F9C8B700B1EAF1 /* StaticPageViewController.swift */ = {isa = PBXFileReference; lastKnownFileType = sourcecode.swift; path = StaticPageViewController.swift; sourceTree = "<group>"; };
		DC09222D46D6E2044389EBDF /* Pods-Pawsome.release.xcconfig */ = {isa = PBXFileReference; includeInIndex = 1; lastKnownFileType = text.xcconfig; name = "Pods-Pawsome.release.xcconfig"; path = "Target Support Files/Pods-Pawsome/Pods-Pawsome.release.xcconfig"; sourceTree = "<group>"; };
/* End PBXFileReference section */

/* Begin PBXFrameworksBuildPhase section */
		D526C9C827E981730079DBDD /* Frameworks */ = {
			isa = PBXFrameworksBuildPhase;
			buildActionMask = 2147483647;
			files = (
				6922EF144757C89DC32ECC68 /* Pods_Pawsome.framework in Frameworks */,
			);
			runOnlyForDeploymentPostprocessing = 0;
		};
/* End PBXFrameworksBuildPhase section */

/* Begin PBXGroup section */
		5BF793DF27F9588C00D70107 /* Onboarding */ = {
			isa = PBXGroup;
			children = (
				5BF793DB27F9490C00D70107 /* OnboardingViewController.swift */,
			);
			path = Onboarding;
			sourceTree = "<group>";
		};
		C744089527F7548F00226CB0 /* Font */ = {
			isa = PBXGroup;
			children = (
				C744089627F754BA00226CB0 /* Ubuntu-Regular.ttf */,
			);
			path = Font;
			sourceTree = "<group>";
		};
		D526C9C227E981730079DBDD = {
			isa = PBXGroup;
			children = (
				D526C9CD27E981730079DBDD /* Pawsome */,
				D526C9CC27E981730079DBDD /* Products */,
				DA8CFFAF8E5F3D1D21FCADD7 /* Pods */,
				E5B67931FFD4B5D1C30AB842 /* Frameworks */,
			);
			sourceTree = "<group>";
		};
		D526C9CC27E981730079DBDD /* Products */ = {
			isa = PBXGroup;
			children = (
				D526C9CB27E981730079DBDD /* Pawsome.app */,
			);
			name = Products;
			sourceTree = "<group>";
		};
		D526C9CD27E981730079DBDD /* Pawsome */ = {
			isa = PBXGroup;
			children = (
				C744089527F7548F00226CB0 /* Font */,
				D53BEB0C27F577F000201220 /* Helper */,
				D526C9E527E984950079DBDD /* Storyboard */,
				D526C9E227E984860079DBDD /* Model */,
				D526C9E327E9848B0079DBDD /* View */,
				D526C9E427E984900079DBDD /* Controller */,
				D526C9E627E984FB0079DBDD /* Contraint */,
				D5B8C20F27F5620700A8271D /* Extension */,
				D5B8C21627F56B7500A8271D /* Service */,
				D526C9CE27E981730079DBDD /* AppDelegate.swift */,
				D526C9D727E981740079DBDD /* Assets.xcassets */,
				D526C9DC27E981740079DBDD /* Info.plist */,
			);
			path = Pawsome;
			sourceTree = "<group>";
		};
		D526C9E227E984860079DBDD /* Model */ = {
			isa = PBXGroup;
			children = (
				D53BEB0027F56C4B00201220 /* OwnersPost.swift */,
				D53BEAFB27F56C4B00201220 /* Response.swift */,
				D534198927F5F558006411E4 /* Dog.swift */,
				5BF793DD27F9557200D70107 /* OnboardingSlide.swift */,
				D5FE28E427F9B64200B1EAF1 /* Profile.swift */,
				D5FE28EC27F9C5D300B1EAF1 /* StaticPage.swift */,
				D594E92827FA313F000214EC /* Animal.swift */,
				D594E92A27FA31E9000214EC /* Notice.swift */,
			);
			path = Model;
			sourceTree = "<group>";
		};
		D526C9E327E9848B0079DBDD /* View */ = {
			isa = PBXGroup;
			children = (
				5BF793E027F958DF00D70107 /* OnboardingCollectionViewCell.swift */,
				D534198B27F5F8AC006411E4 /* Owner */,
				D534198C27F5F8B9006411E4 /* Walker */,
				D5B8C20A27F55DE800A8271D /* Custom */,
			);
			path = View;
			sourceTree = "<group>";
		};
		D526C9E427E984900079DBDD /* Controller */ = {
			isa = PBXGroup;
			children = (
				5BF793DF27F9588C00D70107 /* Onboarding */,
				D53BEB0B27F5762000201220 /* Owner */,
				D53BEB0A27F5761B00201220 /* Walker */,
				D526C9D227E981730079DBDD /* WalthroughViewController.swift */,
				D588E8BB27EAF70E00599370 /* LoginViewController.swift */,
				D5F6F14D27ECC988003A343C /* SignupViewController.swift */,
				D5FE28F027F9C8B700B1EAF1 /* StaticPageViewController.swift */,
				D5B5E49727FA108A00ED567E /* ChangePasswordViewController.swift */,
				D594E92427FA19EE000214EC /* EditProfileViewController.swift */,
			);
			path = Controller;
			sourceTree = "<group>";
		};
		D526C9E527E984950079DBDD /* Storyboard */ = {
			isa = PBXGroup;
			children = (
				D526C9D427E981730079DBDD /* Main.storyboard */,
				D526C9D927E981740079DBDD /* LaunchScreen.storyboard */,
			);
			path = Storyboard;
			sourceTree = "<group>";
		};
		D526C9E627E984FB0079DBDD /* Contraint */ = {
			isa = PBXGroup;
			children = (
				D526C9E727E985150079DBDD /* GlobalConstraint.swift */,
				D53BEAF927F56C3A00201220 /* Configuration.swift */,
			);
			path = Contraint;
			sourceTree = "<group>";
		};
		D534198B27F5F8AC006411E4 /* Owner */ = {
			isa = PBXGroup;
			children = (
				D53BEB1727F5859900201220 /* WalkerListTableViewCell.swift */,
				D53BEB2727F5AD5000201220 /* OwnerChatTableViewCell.swift */,
				D53BEB2927F5B07A00201220 /* OwnerRequestTableViewCell.swift */,
				D53BEB2F27F5B3DD00201220 /* ConfirmWalkTableViewCell.swift */,
			);
			path = Owner;
			sourceTree = "<group>";
		};
		D534198C27F5F8B9006411E4 /* Walker */ = {
			isa = PBXGroup;
			children = (
				D534198D27F5F8D8006411E4 /* DogListTableViewCell.swift */,
				D534199327F600F3006411E4 /* WalkerChatTableViewCell.swift */,
				D534199727F60961006411E4 /* WalkerRequestTableViewCell.swift */,
				D534199D27F60EA3006411E4 /* WalkerConfirmWalkTableViewCell.swift */,
			);
			path = Walker;
			sourceTree = "<group>";
		};
		D53BEB0A27F5761B00201220 /* Walker */ = {
			isa = PBXGroup;
			children = (
				D534198727F5F44C006411E4 /* WalkerDogListViewController.swift */,
				D534199127F5FC02006411E4 /* DogProfileViewController.swift */,
				D534199527F60167006411E4 /* WalkerChatViewController.swift */,
				D534199927F609E9006411E4 /* WalkerRequestViewController.swift */,
				D534199B27F60E6D006411E4 /* WalkerConfirmWalkViewController.swift */,
				D5B5E49927FA13C100ED567E /* WalkersProfileViewController.swift */,
			);
			path = Walker;
			sourceTree = "<group>";
		};
		D53BEB0B27F5762000201220 /* Owner */ = {
			isa = PBXGroup;
			children = (
				D53BEB1527F5848400201220 /* WalkerListViewController.swift */,
				D53BEB2327F5A84100201220 /* WalkerProfileViewController.swift */,
				D53BEB2527F5AC5600201220 /* OwnerChatViewController.swift */,
				D53BEB2B27F5B15500201220 /* OwnerRequestViewController.swift */,
				D53BEB2D27F5B3AA00201220 /* OwnerConfirmWalkViewController.swift */,
				D5B5E49527FA03C500ED567E /* ProfileViewController.swift */,
			);
			path = Owner;
			sourceTree = "<group>";
		};
		D53BEB0C27F577F000201220 /* Helper */ = {
			isa = PBXGroup;
			children = (
				D53BEB0D27F577FF00201220 /* NSLoginManager.swift */,
				D53BEB0E27F577FF00201220 /* NSUserDefault.swift */,
				D594E92627FA1D74000214EC /* ImagePicker.swift */,
			);
			path = Helper;
			sourceTree = "<group>";
		};
		D5B8C20A27F55DE800A8271D /* Custom */ = {
			isa = PBXGroup;
			children = (
				D5B8C20B27F55DFF00A8271D /* CustomTextField.swift */,
			);
			path = Custom;
			sourceTree = "<group>";
		};
		D5B8C20F27F5620700A8271D /* Extension */ = {
			isa = PBXGroup;
			children = (
				D5B8C20D27F55EBB00A8271D /* UIView+Extension.swift */,
				D5B8C21027F562AF00A8271D /* String+Extension.swift */,
				D5B8C21227F5638500A8271D /* ViewController+Extension.swift */,
				D5B8C21427F56A5100A8271D /* UIColor+Extension.swift */,
				D534198F27F5FAD9006411E4 /* UIImageView+Extension.swift */,
				D5FE28E627F9BD8E00B1EAF1 /* Session+Extension.swift */,
			);
			path = Extension;
			sourceTree = "<group>";
		};
		D5B8C21627F56B7500A8271D /* Service */ = {
			isa = PBXGroup;
			children = (
				D5B8C21727F56B7500A8271D /* WalkerService.swift */,
				D5B8C21827F56B7500A8271D /* OwnerService.swift */,
				D5FE28E227F9B5D800B1EAF1 /* LoginService.swift */,
				D5FE28E827F9BDD500B1EAF1 /* RegisterService.swift */,
				D5FE28EA27F9C1FB00B1EAF1 /* ProfileService.swift */,
				D5FE28EE27F9C61900B1EAF1 /* StaticPageService.swift */,
				5B8FA74127FA9AE80053E6AD /* AnimalService.swift */,
			);
			path = Service;
			sourceTree = "<group>";
		};
		DA8CFFAF8E5F3D1D21FCADD7 /* Pods */ = {
			isa = PBXGroup;
			children = (
				22855855E3C6546DA3154897 /* Pods-Pawsome.debug.xcconfig */,
				DC09222D46D6E2044389EBDF /* Pods-Pawsome.release.xcconfig */,
			);
			path = Pods;
			sourceTree = "<group>";
		};
		E5B67931FFD4B5D1C30AB842 /* Frameworks */ = {
			isa = PBXGroup;
			children = (
				864612827240C32ADF71D728 /* Pods_Pawsome.framework */,
			);
			name = Frameworks;
			sourceTree = "<group>";
		};
/* End PBXGroup section */

/* Begin PBXNativeTarget section */
		D526C9CA27E981730079DBDD /* Pawsome */ = {
			isa = PBXNativeTarget;
			buildConfigurationList = D526C9DF27E981740079DBDD /* Build configuration list for PBXNativeTarget "Pawsome" */;
			buildPhases = (
				C4F4DAAE27236F63CF16ACCB /* [CP] Check Pods Manifest.lock */,
				D526C9C727E981730079DBDD /* Sources */,
				D526C9C827E981730079DBDD /* Frameworks */,
				D526C9C927E981730079DBDD /* Resources */,
				BEB18CA7E553FA4255FFC8E8 /* [CP] Embed Pods Frameworks */,
			);
			buildRules = (
			);
			dependencies = (
			);
			name = Pawsome;
			productName = Pawsome;
			productReference = D526C9CB27E981730079DBDD /* Pawsome.app */;
			productType = "com.apple.product-type.application";
		};
/* End PBXNativeTarget section */

/* Begin PBXProject section */
		D526C9C327E981730079DBDD /* Project object */ = {
			isa = PBXProject;
			attributes = {
				BuildIndependentTargetsInParallel = 1;
				LastSwiftUpdateCheck = 1310;
				LastUpgradeCheck = 1310;
				TargetAttributes = {
					D526C9CA27E981730079DBDD = {
						CreatedOnToolsVersion = 13.1;
					};
				};
			};
			buildConfigurationList = D526C9C627E981730079DBDD /* Build configuration list for PBXProject "Pawsome" */;
			compatibilityVersion = "Xcode 13.0";
			developmentRegion = en;
			hasScannedForEncodings = 0;
			knownRegions = (
				en,
				Base,
			);
			mainGroup = D526C9C227E981730079DBDD;
			productRefGroup = D526C9CC27E981730079DBDD /* Products */;
			projectDirPath = "";
			projectRoot = "";
			targets = (
				D526C9CA27E981730079DBDD /* Pawsome */,
			);
		};
/* End PBXProject section */

/* Begin PBXResourcesBuildPhase section */
		D526C9C927E981730079DBDD /* Resources */ = {
			isa = PBXResourcesBuildPhase;
			buildActionMask = 2147483647;
			files = (
				C744089727F754BA00226CB0 /* Ubuntu-Regular.ttf in Resources */,
				D526C9DB27E981740079DBDD /* LaunchScreen.storyboard in Resources */,
				D526C9D827E981740079DBDD /* Assets.xcassets in Resources */,
				D526C9D627E981730079DBDD /* Main.storyboard in Resources */,
			);
			runOnlyForDeploymentPostprocessing = 0;
		};
/* End PBXResourcesBuildPhase section */

/* Begin PBXShellScriptBuildPhase section */
		BEB18CA7E553FA4255FFC8E8 /* [CP] Embed Pods Frameworks */ = {
			isa = PBXShellScriptBuildPhase;
			buildActionMask = 2147483647;
			files = (
			);
			inputFileListPaths = (
				"${PODS_ROOT}/Target Support Files/Pods-Pawsome/Pods-Pawsome-frameworks-${CONFIGURATION}-input-files.xcfilelist",
			);
			name = "[CP] Embed Pods Frameworks";
			outputFileListPaths = (
				"${PODS_ROOT}/Target Support Files/Pods-Pawsome/Pods-Pawsome-frameworks-${CONFIGURATION}-output-files.xcfilelist",
			);
			runOnlyForDeploymentPostprocessing = 0;
			shellPath = /bin/sh;
			shellScript = "\"${PODS_ROOT}/Target Support Files/Pods-Pawsome/Pods-Pawsome-frameworks.sh\"\n";
			showEnvVarsInLog = 0;
		};
		C4F4DAAE27236F63CF16ACCB /* [CP] Check Pods Manifest.lock */ = {
			isa = PBXShellScriptBuildPhase;
			buildActionMask = 2147483647;
			files = (
			);
			inputFileListPaths = (
			);
			inputPaths = (
				"${PODS_PODFILE_DIR_PATH}/Podfile.lock",
				"${PODS_ROOT}/Manifest.lock",
			);
			name = "[CP] Check Pods Manifest.lock";
			outputFileListPaths = (
			);
			outputPaths = (
				"$(DERIVED_FILE_DIR)/Pods-Pawsome-checkManifestLockResult.txt",
			);
			runOnlyForDeploymentPostprocessing = 0;
			shellPath = /bin/sh;
			shellScript = "diff \"${PODS_PODFILE_DIR_PATH}/Podfile.lock\" \"${PODS_ROOT}/Manifest.lock\" > /dev/null\nif [ $? != 0 ] ; then\n    # print error to STDERR\n    echo \"error: The sandbox is not in sync with the Podfile.lock. Run 'pod install' or update your CocoaPods installation.\" >&2\n    exit 1\nfi\n# This output is used by Xcode 'outputs' to avoid re-running this script phase.\necho \"SUCCESS\" > \"${SCRIPT_OUTPUT_FILE_0}\"\n";
			showEnvVarsInLog = 0;
		};
/* End PBXShellScriptBuildPhase section */

/* Begin PBXSourcesBuildPhase section */
		D526C9C727E981730079DBDD /* Sources */ = {
			isa = PBXSourcesBuildPhase;
			buildActionMask = 2147483647;
			files = (
				D594E92527FA19EE000214EC /* EditProfileViewController.swift in Sources */,
				D53BEB2427F5A84100201220 /* WalkerProfileViewController.swift in Sources */,
				D5B8C21127F562AF00A8271D /* String+Extension.swift in Sources */,
				D53BEB2827F5AD5000201220 /* OwnerChatTableViewCell.swift in Sources */,
				D588E8BC27EAF70E00599370 /* LoginViewController.swift in Sources */,
				D5FE28EF27F9C61900B1EAF1 /* StaticPageService.swift in Sources */,
				D534198A27F5F558006411E4 /* Dog.swift in Sources */,
				D534198827F5F44C006411E4 /* WalkerDogListViewController.swift in Sources */,
				D5B5E49A27FA13C100ED567E /* WalkersProfileViewController.swift in Sources */,
				D53BEB0F27F577FF00201220 /* NSLoginManager.swift in Sources */,
				D594E92B27FA31E9000214EC /* Notice.swift in Sources */,
				D5FE28E527F9B64200B1EAF1 /* Profile.swift in Sources */,
				D5FE28EB27F9C1FB00B1EAF1 /* ProfileService.swift in Sources */,
				D53BEB0627F56C4C00201220 /* OwnersPost.swift in Sources */,
				D526C9D327E981730079DBDD /* WalthroughViewController.swift in Sources */,
				D534198E27F5F8D8006411E4 /* DogListTableViewCell.swift in Sources */,
				D5FE28E927F9BDD500B1EAF1 /* RegisterService.swift in Sources */,
				5B8FA74227FA9AE80053E6AD /* AnimalService.swift in Sources */,
				D5B8C20C27F55DFF00A8271D /* CustomTextField.swift in Sources */,
				D594E92927FA313F000214EC /* Animal.swift in Sources */,
				D534199827F60961006411E4 /* WalkerRequestTableViewCell.swift in Sources */,
				D5FE28E327F9B5D800B1EAF1 /* LoginService.swift in Sources */,
				D5B8C20E27F55EBB00A8271D /* UIView+Extension.swift in Sources */,
				D53BEB2C27F5B15500201220 /* OwnerRequestViewController.swift in Sources */,
				D534199427F600F3006411E4 /* WalkerChatTableViewCell.swift in Sources */,
				D5B8C21A27F56B7500A8271D /* OwnerService.swift in Sources */,
				5BF793E127F958DF00D70107 /* OnboardingCollectionViewCell.swift in Sources */,
				D53BEB2E27F5B3AA00201220 /* OwnerConfirmWalkViewController.swift in Sources */,
				D5B5E49627FA03C500ED567E /* ProfileViewController.swift in Sources */,
				D53BEB0127F56C4C00201220 /* Response.swift in Sources */,
				D5B8C21327F5638500A8271D /* ViewController+Extension.swift in Sources */,
				D53BEAFA27F56C3A00201220 /* Configuration.swift in Sources */,
				D5F6F14E27ECC988003A343C /* SignupViewController.swift in Sources */,
				D534199C27F60E6D006411E4 /* WalkerConfirmWalkViewController.swift in Sources */,
				D53BEB2627F5AC5600201220 /* OwnerChatViewController.swift in Sources */,
				D5FE28ED27F9C5D300B1EAF1 /* StaticPage.swift in Sources */,
				D5B8C21927F56B7500A8271D /* WalkerService.swift in Sources */,
				D5FE28E727F9BD8E00B1EAF1 /* Session+Extension.swift in Sources */,
				5BF793DC27F9490D00D70107 /* OnboardingViewController.swift in Sources */,
				D526C9E827E985150079DBDD /* GlobalConstraint.swift in Sources */,
				D53BEB2A27F5B07A00201220 /* OwnerRequestTableViewCell.swift in Sources */,
				D53BEB1627F5848400201220 /* WalkerListViewController.swift in Sources */,
				5BF793DE27F9557300D70107 /* OnboardingSlide.swift in Sources */,
				D534199E27F60EA3006411E4 /* WalkerConfirmWalkTableViewCell.swift in Sources */,
				D534199A27F609E9006411E4 /* WalkerRequestViewController.swift in Sources */,
				D53BEB3027F5B3DD00201220 /* ConfirmWalkTableViewCell.swift in Sources */,
				D534199027F5FAD9006411E4 /* UIImageView+Extension.swift in Sources */,
				D534199227F5FC02006411E4 /* DogProfileViewController.swift in Sources */,
				D5B5E49827FA108A00ED567E /* ChangePasswordViewController.swift in Sources */,
				D526C9CF27E981730079DBDD /* AppDelegate.swift in Sources */,
				D5FE28F127F9C8B700B1EAF1 /* StaticPageViewController.swift in Sources */,
				D53BEB1827F5859900201220 /* WalkerListTableViewCell.swift in Sources */,
				D53BEB1027F577FF00201220 /* NSUserDefault.swift in Sources */,
				D534199627F60167006411E4 /* WalkerChatViewController.swift in Sources */,
				D594E92727FA1D74000214EC /* ImagePicker.swift in Sources */,
				D5B8C21527F56A5100A8271D /* UIColor+Extension.swift in Sources */,
			);
			runOnlyForDeploymentPostprocessing = 0;
		};
/* End PBXSourcesBuildPhase section */

/* Begin PBXVariantGroup section */
		D526C9D427E981730079DBDD /* Main.storyboard */ = {
			isa = PBXVariantGroup;
			children = (
				D526C9D527E981730079DBDD /* Base */,
			);
			name = Main.storyboard;
			sourceTree = "<group>";
		};
		D526C9D927E981740079DBDD /* LaunchScreen.storyboard */ = {
			isa = PBXVariantGroup;
			children = (
				D526C9DA27E981740079DBDD /* Base */,
			);
			name = LaunchScreen.storyboard;
			sourceTree = "<group>";
		};
/* End PBXVariantGroup section */

/* Begin XCBuildConfiguration section */
		D526C9DD27E981740079DBDD /* Debug */ = {
			isa = XCBuildConfiguration;
			buildSettings = {
				ALWAYS_SEARCH_USER_PATHS = NO;
				CLANG_ANALYZER_NONNULL = YES;
				CLANG_ANALYZER_NUMBER_OBJECT_CONVERSION = YES_AGGRESSIVE;
				CLANG_CXX_LANGUAGE_STANDARD = "gnu++17";
				CLANG_CXX_LIBRARY = "libc++";
				CLANG_ENABLE_MODULES = YES;
				CLANG_ENABLE_OBJC_ARC = YES;
				CLANG_ENABLE_OBJC_WEAK = YES;
				CLANG_WARN_BLOCK_CAPTURE_AUTORELEASING = YES;
				CLANG_WARN_BOOL_CONVERSION = YES;
				CLANG_WARN_COMMA = YES;
				CLANG_WARN_CONSTANT_CONVERSION = YES;
				CLANG_WARN_DEPRECATED_OBJC_IMPLEMENTATIONS = YES;
				CLANG_WARN_DIRECT_OBJC_ISA_USAGE = YES_ERROR;
				CLANG_WARN_DOCUMENTATION_COMMENTS = YES;
				CLANG_WARN_EMPTY_BODY = YES;
				CLANG_WARN_ENUM_CONVERSION = YES;
				CLANG_WARN_INFINITE_RECURSION = YES;
				CLANG_WARN_INT_CONVERSION = YES;
				CLANG_WARN_NON_LITERAL_NULL_CONVERSION = YES;
				CLANG_WARN_OBJC_IMPLICIT_RETAIN_SELF = YES;
				CLANG_WARN_OBJC_LITERAL_CONVERSION = YES;
				CLANG_WARN_OBJC_ROOT_CLASS = YES_ERROR;
				CLANG_WARN_QUOTED_INCLUDE_IN_FRAMEWORK_HEADER = YES;
				CLANG_WARN_RANGE_LOOP_ANALYSIS = YES;
				CLANG_WARN_STRICT_PROTOTYPES = YES;
				CLANG_WARN_SUSPICIOUS_MOVE = YES;
				CLANG_WARN_UNGUARDED_AVAILABILITY = YES_AGGRESSIVE;
				CLANG_WARN_UNREACHABLE_CODE = YES;
				CLANG_WARN__DUPLICATE_METHOD_MATCH = YES;
				COPY_PHASE_STRIP = NO;
				DEBUG_INFORMATION_FORMAT = dwarf;
				ENABLE_STRICT_OBJC_MSGSEND = YES;
				ENABLE_TESTABILITY = YES;
				GCC_C_LANGUAGE_STANDARD = gnu11;
				GCC_DYNAMIC_NO_PIC = NO;
				GCC_NO_COMMON_BLOCKS = YES;
				GCC_OPTIMIZATION_LEVEL = 0;
				GCC_PREPROCESSOR_DEFINITIONS = (
					"DEBUG=1",
					"$(inherited)",
				);
				GCC_WARN_64_TO_32_BIT_CONVERSION = YES;
				GCC_WARN_ABOUT_RETURN_TYPE = YES_ERROR;
				GCC_WARN_UNDECLARED_SELECTOR = YES;
				GCC_WARN_UNINITIALIZED_AUTOS = YES_AGGRESSIVE;
				GCC_WARN_UNUSED_FUNCTION = YES;
				GCC_WARN_UNUSED_VARIABLE = YES;
				IPHONEOS_DEPLOYMENT_TARGET = 15.0;
				MTL_ENABLE_DEBUG_INFO = INCLUDE_SOURCE;
				MTL_FAST_MATH = YES;
				ONLY_ACTIVE_ARCH = YES;
				SDKROOT = iphoneos;
				SWIFT_ACTIVE_COMPILATION_CONDITIONS = DEBUG;
				SWIFT_OPTIMIZATION_LEVEL = "-Onone";
			};
			name = Debug;
		};
		D526C9DE27E981740079DBDD /* Release */ = {
			isa = XCBuildConfiguration;
			buildSettings = {
				ALWAYS_SEARCH_USER_PATHS = NO;
				CLANG_ANALYZER_NONNULL = YES;
				CLANG_ANALYZER_NUMBER_OBJECT_CONVERSION = YES_AGGRESSIVE;
				CLANG_CXX_LANGUAGE_STANDARD = "gnu++17";
				CLANG_CXX_LIBRARY = "libc++";
				CLANG_ENABLE_MODULES = YES;
				CLANG_ENABLE_OBJC_ARC = YES;
				CLANG_ENABLE_OBJC_WEAK = YES;
				CLANG_WARN_BLOCK_CAPTURE_AUTORELEASING = YES;
				CLANG_WARN_BOOL_CONVERSION = YES;
				CLANG_WARN_COMMA = YES;
				CLANG_WARN_CONSTANT_CONVERSION = YES;
				CLANG_WARN_DEPRECATED_OBJC_IMPLEMENTATIONS = YES;
				CLANG_WARN_DIRECT_OBJC_ISA_USAGE = YES_ERROR;
				CLANG_WARN_DOCUMENTATION_COMMENTS = YES;
				CLANG_WARN_EMPTY_BODY = YES;
				CLANG_WARN_ENUM_CONVERSION = YES;
				CLANG_WARN_INFINITE_RECURSION = YES;
				CLANG_WARN_INT_CONVERSION = YES;
				CLANG_WARN_NON_LITERAL_NULL_CONVERSION = YES;
				CLANG_WARN_OBJC_IMPLICIT_RETAIN_SELF = YES;
				CLANG_WARN_OBJC_LITERAL_CONVERSION = YES;
				CLANG_WARN_OBJC_ROOT_CLASS = YES_ERROR;
				CLANG_WARN_QUOTED_INCLUDE_IN_FRAMEWORK_HEADER = YES;
				CLANG_WARN_RANGE_LOOP_ANALYSIS = YES;
				CLANG_WARN_STRICT_PROTOTYPES = YES;
				CLANG_WARN_SUSPICIOUS_MOVE = YES;
				CLANG_WARN_UNGUARDED_AVAILABILITY = YES_AGGRESSIVE;
				CLANG_WARN_UNREACHABLE_CODE = YES;
				CLANG_WARN__DUPLICATE_METHOD_MATCH = YES;
				COPY_PHASE_STRIP = NO;
				DEBUG_INFORMATION_FORMAT = "dwarf-with-dsym";
				ENABLE_NS_ASSERTIONS = NO;
				ENABLE_STRICT_OBJC_MSGSEND = YES;
				GCC_C_LANGUAGE_STANDARD = gnu11;
				GCC_NO_COMMON_BLOCKS = YES;
				GCC_WARN_64_TO_32_BIT_CONVERSION = YES;
				GCC_WARN_ABOUT_RETURN_TYPE = YES_ERROR;
				GCC_WARN_UNDECLARED_SELECTOR = YES;
				GCC_WARN_UNINITIALIZED_AUTOS = YES_AGGRESSIVE;
				GCC_WARN_UNUSED_FUNCTION = YES;
				GCC_WARN_UNUSED_VARIABLE = YES;
				IPHONEOS_DEPLOYMENT_TARGET = 15.0;
				MTL_ENABLE_DEBUG_INFO = NO;
				MTL_FAST_MATH = YES;
				SDKROOT = iphoneos;
				SWIFT_COMPILATION_MODE = wholemodule;
				SWIFT_OPTIMIZATION_LEVEL = "-O";
				VALIDATE_PRODUCT = YES;
			};
			name = Release;
		};
		D526C9E027E981740079DBDD /* Debug */ = {
			isa = XCBuildConfiguration;
			baseConfigurationReference = 22855855E3C6546DA3154897 /* Pods-Pawsome.debug.xcconfig */;
			buildSettings = {
				ASSETCATALOG_COMPILER_APPICON_NAME = AppIcon;
				ASSETCATALOG_COMPILER_GLOBAL_ACCENT_COLOR_NAME = AccentColor;
				CODE_SIGN_STYLE = Automatic;
				CURRENT_PROJECT_VERSION = 1;
				DEVELOPMENT_TEAM = 4N332A7XBB;
				GENERATE_INFOPLIST_FILE = YES;
				INFOPLIST_FILE = Pawsome/Info.plist;
				INFOPLIST_KEY_UIApplicationSupportsIndirectInputEvents = YES;
				INFOPLIST_KEY_UILaunchStoryboardName = LaunchScreen;
				INFOPLIST_KEY_UIMainStoryboardFile = Main;
				INFOPLIST_KEY_UISupportedInterfaceOrientations_iPad = "UIInterfaceOrientationPortrait UIInterfaceOrientationPortraitUpsideDown UIInterfaceOrientationLandscapeLeft UIInterfaceOrientationLandscapeRight";
				INFOPLIST_KEY_UISupportedInterfaceOrientations_iPhone = "UIInterfaceOrientationPortrait UIInterfaceOrientationLandscapeLeft UIInterfaceOrientationLandscapeRight";
				LD_RUNPATH_SEARCH_PATHS = (
					"$(inherited)",
					"@executable_path/Frameworks",
				);
				MARKETING_VERSION = 1.0;
				PRODUCT_BUNDLE_IDENTIFIER = com.rochBajracharya.Pawsome;
				PRODUCT_NAME = "$(TARGET_NAME)";
				SWIFT_EMIT_LOC_STRINGS = YES;
				SWIFT_VERSION = 5.0;
				TARGETED_DEVICE_FAMILY = "1,2";
			};
			name = Debug;
		};
		D526C9E127E981740079DBDD /* Release */ = {
			isa = XCBuildConfiguration;
			baseConfigurationReference = DC09222D46D6E2044389EBDF /* Pods-Pawsome.release.xcconfig */;
			buildSettings = {
				ASSETCATALOG_COMPILER_APPICON_NAME = AppIcon;
				ASSETCATALOG_COMPILER_GLOBAL_ACCENT_COLOR_NAME = AccentColor;
				CODE_SIGN_STYLE = Automatic;
				CURRENT_PROJECT_VERSION = 1;
				DEVELOPMENT_TEAM = 4N332A7XBB;
				GENERATE_INFOPLIST_FILE = YES;
				INFOPLIST_FILE = Pawsome/Info.plist;
				INFOPLIST_KEY_UIApplicationSupportsIndirectInputEvents = YES;
				INFOPLIST_KEY_UILaunchStoryboardName = LaunchScreen;
				INFOPLIST_KEY_UIMainStoryboardFile = Main;
				INFOPLIST_KEY_UISupportedInterfaceOrientations_iPad = "UIInterfaceOrientationPortrait UIInterfaceOrientationPortraitUpsideDown UIInterfaceOrientationLandscapeLeft UIInterfaceOrientationLandscapeRight";
				INFOPLIST_KEY_UISupportedInterfaceOrientations_iPhone = "UIInterfaceOrientationPortrait UIInterfaceOrientationLandscapeLeft UIInterfaceOrientationLandscapeRight";
				LD_RUNPATH_SEARCH_PATHS = (
					"$(inherited)",
					"@executable_path/Frameworks",
				);
				MARKETING_VERSION = 1.0;
				PRODUCT_BUNDLE_IDENTIFIER = com.rochBajracharya.Pawsome;
				PRODUCT_NAME = "$(TARGET_NAME)";
				SWIFT_EMIT_LOC_STRINGS = YES;
				SWIFT_VERSION = 5.0;
				TARGETED_DEVICE_FAMILY = "1,2";
			};
			name = Release;
		};
/* End XCBuildConfiguration section */

/* Begin XCConfigurationList section */
		D526C9C627E981730079DBDD /* Build configuration list for PBXProject "Pawsome" */ = {
			isa = XCConfigurationList;
			buildConfigurations = (
				D526C9DD27E981740079DBDD /* Debug */,
				D526C9DE27E981740079DBDD /* Release */,
			);
			defaultConfigurationIsVisible = 0;
			defaultConfigurationName = Release;
		};
		D526C9DF27E981740079DBDD /* Build configuration list for PBXNativeTarget "Pawsome" */ = {
			isa = XCConfigurationList;
			buildConfigurations = (
				D526C9E027E981740079DBDD /* Debug */,
				D526C9E127E981740079DBDD /* Release */,
			);
			defaultConfigurationIsVisible = 0;
			defaultConfigurationName = Release;
		};
/* End XCConfigurationList section */
	};
	rootObject = D526C9C327E981730079DBDD /* Project object */;
}
