// !$*UTF8*$!
{
	archiveVersion = 1;
	classes = {
	};
	objectVersion = 55;
	objects = {

/* Begin PBXBuildFile section */
		B24CCEAC27EA484E00F4C81D /* AppDelegate.swift in Sources */ = {isa = PBXBuildFile; fileRef = B24CCEAB27EA484E00F4C81D /* AppDelegate.swift */; };
		B24CCEAE27EA484E00F4C81D /* SceneDelegate.swift in Sources */ = {isa = PBXBuildFile; fileRef = B24CCEAD27EA484E00F4C81D /* SceneDelegate.swift */; };
		B24CCEB027EA484E00F4C81D /* ViewController.swift in Sources */ = {isa = PBXBuildFile; fileRef = B24CCEAF27EA484E00F4C81D /* ViewController.swift */; };
		B24CCEB327EA484E00F4C81D /* Main.storyboard in Resources */ = {isa = PBXBuildFile; fileRef = B24CCEB127EA484E00F4C81D /* Main.storyboard */; };
		B24CCEB527EA485100F4C81D /* Assets.xcassets in Resources */ = {isa = PBXBuildFile; fileRef = B24CCEB427EA485100F4C81D /* Assets.xcassets */; };
		B24CCEB827EA485100F4C81D /* LaunchScreen.storyboard in Resources */ = {isa = PBXBuildFile; fileRef = B24CCEB627EA485100F4C81D /* LaunchScreen.storyboard */; };
		B24CCEC327EA485100F4C81D /* pawsomeTests.swift in Sources */ = {isa = PBXBuildFile; fileRef = B24CCEC227EA485100F4C81D /* pawsomeTests.swift */; };
		B24CCECD27EA485100F4C81D /* pawsomeUITests.swift in Sources */ = {isa = PBXBuildFile; fileRef = B24CCECC27EA485100F4C81D /* pawsomeUITests.swift */; };
		B24CCECF27EA485100F4C81D /* pawsomeUITestsLaunchTests.swift in Sources */ = {isa = PBXBuildFile; fileRef = B24CCECE27EA485100F4C81D /* pawsomeUITestsLaunchTests.swift */; };
/* End PBXBuildFile section */

/* Begin PBXContainerItemProxy section */
		B24CCEBF27EA485100F4C81D /* PBXContainerItemProxy */ = {
			isa = PBXContainerItemProxy;
			containerPortal = B24CCEA027EA484E00F4C81D /* Project object */;
			proxyType = 1;
			remoteGlobalIDString = B24CCEA727EA484E00F4C81D;
			remoteInfo = pawsome;
		};
		B24CCEC927EA485100F4C81D /* PBXContainerItemProxy */ = {
			isa = PBXContainerItemProxy;
			containerPortal = B24CCEA027EA484E00F4C81D /* Project object */;
			proxyType = 1;
			remoteGlobalIDString = B24CCEA727EA484E00F4C81D;
			remoteInfo = pawsome;
		};
/* End PBXContainerItemProxy section */

/* Begin PBXFileReference section */
		B24CCEA827EA484E00F4C81D /* pawsome.app */ = {isa = PBXFileReference; explicitFileType = wrapper.application; includeInIndex = 0; path = pawsome.app; sourceTree = BUILT_PRODUCTS_DIR; };
		B24CCEAB27EA484E00F4C81D /* AppDelegate.swift */ = {isa = PBXFileReference; lastKnownFileType = sourcecode.swift; path = AppDelegate.swift; sourceTree = "<group>"; };
		B24CCEAD27EA484E00F4C81D /* SceneDelegate.swift */ = {isa = PBXFileReference; lastKnownFileType = sourcecode.swift; path = SceneDelegate.swift; sourceTree = "<group>"; };
		B24CCEAF27EA484E00F4C81D /* ViewController.swift */ = {isa = PBXFileReference; lastKnownFileType = sourcecode.swift; path = ViewController.swift; sourceTree = "<group>"; };
		B24CCEB227EA484E00F4C81D /* Base */ = {isa = PBXFileReference; lastKnownFileType = file.storyboard; name = Base; path = Base.lproj/Main.storyboard; sourceTree = "<group>"; };
		B24CCEB427EA485100F4C81D /* Assets.xcassets */ = {isa = PBXFileReference; lastKnownFileType = folder.assetcatalog; path = Assets.xcassets; sourceTree = "<group>"; };
		B24CCEB727EA485100F4C81D /* Base */ = {isa = PBXFileReference; lastKnownFileType = file.storyboard; name = Base; path = Base.lproj/LaunchScreen.storyboard; sourceTree = "<group>"; };
		B24CCEB927EA485100F4C81D /* Info.plist */ = {isa = PBXFileReference; lastKnownFileType = text.plist.xml; path = Info.plist; sourceTree = "<group>"; };
		B24CCEBE27EA485100F4C81D /* pawsomeTests.xctest */ = {isa = PBXFileReference; explicitFileType = wrapper.cfbundle; includeInIndex = 0; path = pawsomeTests.xctest; sourceTree = BUILT_PRODUCTS_DIR; };
		B24CCEC227EA485100F4C81D /* pawsomeTests.swift */ = {isa = PBXFileReference; lastKnownFileType = sourcecode.swift; path = pawsomeTests.swift; sourceTree = "<group>"; };
		B24CCEC827EA485100F4C81D /* pawsomeUITests.xctest */ = {isa = PBXFileReference; explicitFileType = wrapper.cfbundle; includeInIndex = 0; path = pawsomeUITests.xctest; sourceTree = BUILT_PRODUCTS_DIR; };
		B24CCECC27EA485100F4C81D /* pawsomeUITests.swift */ = {isa = PBXFileReference; lastKnownFileType = sourcecode.swift; path = pawsomeUITests.swift; sourceTree = "<group>"; };
		B24CCECE27EA485100F4C81D /* pawsomeUITestsLaunchTests.swift */ = {isa = PBXFileReference; lastKnownFileType = sourcecode.swift; path = pawsomeUITestsLaunchTests.swift; sourceTree = "<group>"; };
/* End PBXFileReference section */

/* Begin PBXFrameworksBuildPhase section */
		B24CCEA527EA484E00F4C81D /* Frameworks */ = {
			isa = PBXFrameworksBuildPhase;
			buildActionMask = 2147483647;
			files = (
			);
			runOnlyForDeploymentPostprocessing = 0;
		};
		B24CCEBB27EA485100F4C81D /* Frameworks */ = {
			isa = PBXFrameworksBuildPhase;
			buildActionMask = 2147483647;
			files = (
			);
			runOnlyForDeploymentPostprocessing = 0;
		};
		B24CCEC527EA485100F4C81D /* Frameworks */ = {
			isa = PBXFrameworksBuildPhase;
			buildActionMask = 2147483647;
			files = (
			);
			runOnlyForDeploymentPostprocessing = 0;
		};
/* End PBXFrameworksBuildPhase section */

/* Begin PBXGroup section */
		B24CCE9F27EA484E00F4C81D = {
			isa = PBXGroup;
			children = (
				B24CCEAA27EA484E00F4C81D /* pawsome */,
				B24CCEC127EA485100F4C81D /* pawsomeTests */,
				B24CCECB27EA485100F4C81D /* pawsomeUITests */,
				B24CCEA927EA484E00F4C81D /* Products */,
			);
			sourceTree = "<group>";
		};
		B24CCEA927EA484E00F4C81D /* Products */ = {
			isa = PBXGroup;
			children = (
				B24CCEA827EA484E00F4C81D /* pawsome.app */,
				B24CCEBE27EA485100F4C81D /* pawsomeTests.xctest */,
				B24CCEC827EA485100F4C81D /* pawsomeUITests.xctest */,
			);
			name = Products;
			sourceTree = "<group>";
		};
		B24CCEAA27EA484E00F4C81D /* pawsome */ = {
			isa = PBXGroup;
			children = (
				B24CCEAB27EA484E00F4C81D /* AppDelegate.swift */,
				B24CCEAD27EA484E00F4C81D /* SceneDelegate.swift */,
				B24CCEAF27EA484E00F4C81D /* ViewController.swift */,
				B24CCEB127EA484E00F4C81D /* Main.storyboard */,
				B24CCEB427EA485100F4C81D /* Assets.xcassets */,
				B24CCEB627EA485100F4C81D /* LaunchScreen.storyboard */,
				B24CCEB927EA485100F4C81D /* Info.plist */,
			);
			path = pawsome;
			sourceTree = "<group>";
		};
		B24CCEC127EA485100F4C81D /* pawsomeTests */ = {
			isa = PBXGroup;
			children = (
				B24CCEC227EA485100F4C81D /* pawsomeTests.swift */,
			);
			path = pawsomeTests;
			sourceTree = "<group>";
		};
		B24CCECB27EA485100F4C81D /* pawsomeUITests */ = {
			isa = PBXGroup;
			children = (
				B24CCECC27EA485100F4C81D /* pawsomeUITests.swift */,
				B24CCECE27EA485100F4C81D /* pawsomeUITestsLaunchTests.swift */,
			);
			path = pawsomeUITests;
			sourceTree = "<group>";
		};
/* End PBXGroup section */

/* Begin PBXNativeTarget section */
		B24CCEA727EA484E00F4C81D /* pawsome */ = {
			isa = PBXNativeTarget;
			buildConfigurationList = B24CCED227EA485100F4C81D /* Build configuration list for PBXNativeTarget "pawsome" */;
			buildPhases = (
				B24CCEA427EA484E00F4C81D /* Sources */,
				B24CCEA527EA484E00F4C81D /* Frameworks */,
				B24CCEA627EA484E00F4C81D /* Resources */,
			);
			buildRules = (
			);
			dependencies = (
			);
			name = pawsome;
			productName = pawsome;
			productReference = B24CCEA827EA484E00F4C81D /* pawsome.app */;
			productType = "com.apple.product-type.application";
		};
		B24CCEBD27EA485100F4C81D /* pawsomeTests */ = {
			isa = PBXNativeTarget;
			buildConfigurationList = B24CCED527EA485100F4C81D /* Build configuration list for PBXNativeTarget "pawsomeTests" */;
			buildPhases = (
				B24CCEBA27EA485100F4C81D /* Sources */,
				B24CCEBB27EA485100F4C81D /* Frameworks */,
				B24CCEBC27EA485100F4C81D /* Resources */,
			);
			buildRules = (
			);
			dependencies = (
				B24CCEC027EA485100F4C81D /* PBXTargetDependency */,
			);
			name = pawsomeTests;
			productName = pawsomeTests;
			productReference = B24CCEBE27EA485100F4C81D /* pawsomeTests.xctest */;
			productType = "com.apple.product-type.bundle.unit-test";
		};
		B24CCEC727EA485100F4C81D /* pawsomeUITests */ = {
			isa = PBXNativeTarget;
			buildConfigurationList = B24CCED827EA485100F4C81D /* Build configuration list for PBXNativeTarget "pawsomeUITests" */;
			buildPhases = (
				B24CCEC427EA485100F4C81D /* Sources */,
				B24CCEC527EA485100F4C81D /* Frameworks */,
				B24CCEC627EA485100F4C81D /* Resources */,
			);
			buildRules = (
			);
			dependencies = (
				B24CCECA27EA485100F4C81D /* PBXTargetDependency */,
			);
			name = pawsomeUITests;
			productName = pawsomeUITests;
			productReference = B24CCEC827EA485100F4C81D /* pawsomeUITests.xctest */;
			productType = "com.apple.product-type.bundle.ui-testing";
		};
/* End PBXNativeTarget section */

/* Begin PBXProject section */
		B24CCEA027EA484E00F4C81D /* Project object */ = {
			isa = PBXProject;
			attributes = {
				BuildIndependentTargetsInParallel = 1;
				LastSwiftUpdateCheck = 1330;
				LastUpgradeCheck = 1330;
				TargetAttributes = {
					B24CCEA727EA484E00F4C81D = {
						CreatedOnToolsVersion = 13.3;
					};
					B24CCEBD27EA485100F4C81D = {
						CreatedOnToolsVersion = 13.3;
						TestTargetID = B24CCEA727EA484E00F4C81D;
					};
					B24CCEC727EA485100F4C81D = {
						CreatedOnToolsVersion = 13.3;
						TestTargetID = B24CCEA727EA484E00F4C81D;
					};
				};
			};
			buildConfigurationList = B24CCEA327EA484E00F4C81D /* Build configuration list for PBXProject "pawsome" */;
			compatibilityVersion = "Xcode 13.0";
			developmentRegion = en;
			hasScannedForEncodings = 0;
			knownRegions = (
				en,
				Base,
			);
			mainGroup = B24CCE9F27EA484E00F4C81D;
			productRefGroup = B24CCEA927EA484E00F4C81D /* Products */;
			projectDirPath = "";
			projectRoot = "";
			targets = (
				B24CCEA727EA484E00F4C81D /* pawsome */,
				B24CCEBD27EA485100F4C81D /* pawsomeTests */,
				B24CCEC727EA485100F4C81D /* pawsomeUITests */,
			);
		};
/* End PBXProject section */

/* Begin PBXResourcesBuildPhase section */
		B24CCEA627EA484E00F4C81D /* Resources */ = {
			isa = PBXResourcesBuildPhase;
			buildActionMask = 2147483647;
			files = (
				B24CCEB827EA485100F4C81D /* LaunchScreen.storyboard in Resources */,
				B24CCEB527EA485100F4C81D /* Assets.xcassets in Resources */,
				B24CCEB327EA484E00F4C81D /* Main.storyboard in Resources */,
			);
			runOnlyForDeploymentPostprocessing = 0;
		};
		B24CCEBC27EA485100F4C81D /* Resources */ = {
			isa = PBXResourcesBuildPhase;
			buildActionMask = 2147483647;
			files = (
			);
			runOnlyForDeploymentPostprocessing = 0;
		};
		B24CCEC627EA485100F4C81D /* Resources */ = {
			isa = PBXResourcesBuildPhase;
			buildActionMask = 2147483647;
			files = (
			);
			runOnlyForDeploymentPostprocessing = 0;
		};
/* End PBXResourcesBuildPhase section */

/* Begin PBXSourcesBuildPhase section */
		B24CCEA427EA484E00F4C81D /* Sources */ = {
			isa = PBXSourcesBuildPhase;
			buildActionMask = 2147483647;
			files = (
				B24CCEB027EA484E00F4C81D /* ViewController.swift in Sources */,
				B24CCEAC27EA484E00F4C81D /* AppDelegate.swift in Sources */,
				B24CCEAE27EA484E00F4C81D /* SceneDelegate.swift in Sources */,
			);
			runOnlyForDeploymentPostprocessing = 0;
		};
		B24CCEBA27EA485100F4C81D /* Sources */ = {
			isa = PBXSourcesBuildPhase;
			buildActionMask = 2147483647;
			files = (
				B24CCEC327EA485100F4C81D /* pawsomeTests.swift in Sources */,
			);
			runOnlyForDeploymentPostprocessing = 0;
		};
		B24CCEC427EA485100F4C81D /* Sources */ = {
			isa = PBXSourcesBuildPhase;
			buildActionMask = 2147483647;
			files = (
				B24CCECF27EA485100F4C81D /* pawsomeUITestsLaunchTests.swift in Sources */,
				B24CCECD27EA485100F4C81D /* pawsomeUITests.swift in Sources */,
			);
			runOnlyForDeploymentPostprocessing = 0;
		};
/* End PBXSourcesBuildPhase section */

/* Begin PBXTargetDependency section */
		B24CCEC027EA485100F4C81D /* PBXTargetDependency */ = {
			isa = PBXTargetDependency;
			target = B24CCEA727EA484E00F4C81D /* pawsome */;
			targetProxy = B24CCEBF27EA485100F4C81D /* PBXContainerItemProxy */;
		};
		B24CCECA27EA485100F4C81D /* PBXTargetDependency */ = {
			isa = PBXTargetDependency;
			target = B24CCEA727EA484E00F4C81D /* pawsome */;
			targetProxy = B24CCEC927EA485100F4C81D /* PBXContainerItemProxy */;
		};
/* End PBXTargetDependency section */

/* Begin PBXVariantGroup section */
		B24CCEB127EA484E00F4C81D /* Main.storyboard */ = {
			isa = PBXVariantGroup;
			children = (
				B24CCEB227EA484E00F4C81D /* Base */,
			);
			name = Main.storyboard;
			sourceTree = "<group>";
		};
		B24CCEB627EA485100F4C81D /* LaunchScreen.storyboard */ = {
			isa = PBXVariantGroup;
			children = (
				B24CCEB727EA485100F4C81D /* Base */,
			);
			name = LaunchScreen.storyboard;
			sourceTree = "<group>";
		};
/* End PBXVariantGroup section */

/* Begin XCBuildConfiguration section */
		B24CCED027EA485100F4C81D /* Debug */ = {
			isa = XCBuildConfiguration;
			buildSettings = {
				ALWAYS_SEARCH_USER_PATHS = NO;
				CLANG_ANALYZER_NONNULL = YES;
				CLANG_ANALYZER_NUMBER_OBJECT_CONVERSION = YES_AGGRESSIVE;
				CLANG_CXX_LANGUAGE_STANDARD = "gnu++17";
				CLANG_ENABLE_MODULES = YES;
				CLANG_ENABLE_OBJC_ARC = YES;
				CLANG_ENABLE_OBJC_WEAK = YES;
				CLANG_WARN_BLOCK_CAPTURE_AUTORELEASING = YES;
				CLANG_WARN_BOOL_CONVERSION = YES;
				CLANG_WARN_COMMA = YES;
				CLANG_WARN_CONSTANT_CONVERSION = YES;
				CLANG_WARN_DEPRECATED_OBJC_IMPLEMENTATIONS = YES;
				CLANG_WARN_DIRECT_OBJC_ISA_USAGE = YES_ERROR;
				CLANG_WARN_DOCUMENTATION_COMMENTS = YES;
				CLANG_WARN_EMPTY_BODY = YES;
				CLANG_WARN_ENUM_CONVERSION = YES;
				CLANG_WARN_INFINITE_RECURSION = YES;
				CLANG_WARN_INT_CONVERSION = YES;
				CLANG_WARN_NON_LITERAL_NULL_CONVERSION = YES;
				CLANG_WARN_OBJC_IMPLICIT_RETAIN_SELF = YES;
				CLANG_WARN_OBJC_LITERAL_CONVERSION = YES;
				CLANG_WARN_OBJC_ROOT_CLASS = YES_ERROR;
				CLANG_WARN_QUOTED_INCLUDE_IN_FRAMEWORK_HEADER = YES;
				CLANG_WARN_RANGE_LOOP_ANALYSIS = YES;
				CLANG_WARN_STRICT_PROTOTYPES = YES;
				CLANG_WARN_SUSPICIOUS_MOVE = YES;
				CLANG_WARN_UNGUARDED_AVAILABILITY = YES_AGGRESSIVE;
				CLANG_WARN_UNREACHABLE_CODE = YES;
				CLANG_WARN__DUPLICATE_METHOD_MATCH = YES;
				COPY_PHASE_STRIP = NO;
				DEBUG_INFORMATION_FORMAT = dwarf;
				ENABLE_STRICT_OBJC_MSGSEND = YES;
				ENABLE_TESTABILITY = YES;
				GCC_C_LANGUAGE_STANDARD = gnu11;
				GCC_DYNAMIC_NO_PIC = NO;
				GCC_NO_COMMON_BLOCKS = YES;
				GCC_OPTIMIZATION_LEVEL = 0;
				GCC_PREPROCESSOR_DEFINITIONS = (
					"DEBUG=1",
					"$(inherited)",
				);
				GCC_WARN_64_TO_32_BIT_CONVERSION = YES;
				GCC_WARN_ABOUT_RETURN_TYPE = YES_ERROR;
				GCC_WARN_UNDECLARED_SELECTOR = YES;
				GCC_WARN_UNINITIALIZED_AUTOS = YES_AGGRESSIVE;
				GCC_WARN_UNUSED_FUNCTION = YES;
				GCC_WARN_UNUSED_VARIABLE = YES;
				IPHONEOS_DEPLOYMENT_TARGET = 15.0;
				MTL_ENABLE_DEBUG_INFO = INCLUDE_SOURCE;
				MTL_FAST_MATH = YES;
				ONLY_ACTIVE_ARCH = YES;
				SDKROOT = iphoneos;
				SWIFT_ACTIVE_COMPILATION_CONDITIONS = DEBUG;
				SWIFT_OPTIMIZATION_LEVEL = "-Onone";
			};
			name = Debug;
		};
		B24CCED127EA485100F4C81D /* Release */ = {
			isa = XCBuildConfiguration;
			buildSettings = {
				ALWAYS_SEARCH_USER_PATHS = NO;
				CLANG_ANALYZER_NONNULL = YES;
				CLANG_ANALYZER_NUMBER_OBJECT_CONVERSION = YES_AGGRESSIVE;
				CLANG_CXX_LANGUAGE_STANDARD = "gnu++17";
				CLANG_ENABLE_MODULES = YES;
				CLANG_ENABLE_OBJC_ARC = YES;
				CLANG_ENABLE_OBJC_WEAK = YES;
				CLANG_WARN_BLOCK_CAPTURE_AUTORELEASING = YES;
				CLANG_WARN_BOOL_CONVERSION = YES;
				CLANG_WARN_COMMA = YES;
				CLANG_WARN_CONSTANT_CONVERSION = YES;
				CLANG_WARN_DEPRECATED_OBJC_IMPLEMENTATIONS = YES;
				CLANG_WARN_DIRECT_OBJC_ISA_USAGE = YES_ERROR;
				CLANG_WARN_DOCUMENTATION_COMMENTS = YES;
				CLANG_WARN_EMPTY_BODY = YES;
				CLANG_WARN_ENUM_CONVERSION = YES;
				CLANG_WARN_INFINITE_RECURSION = YES;
				CLANG_WARN_INT_CONVERSION = YES;
				CLANG_WARN_NON_LITERAL_NULL_CONVERSION = YES;
				CLANG_WARN_OBJC_IMPLICIT_RETAIN_SELF = YES;
				CLANG_WARN_OBJC_LITERAL_CONVERSION = YES;
				CLANG_WARN_OBJC_ROOT_CLASS = YES_ERROR;
				CLANG_WARN_QUOTED_INCLUDE_IN_FRAMEWORK_HEADER = YES;
				CLANG_WARN_RANGE_LOOP_ANALYSIS = YES;
				CLANG_WARN_STRICT_PROTOTYPES = YES;
				CLANG_WARN_SUSPICIOUS_MOVE = YES;
				CLANG_WARN_UNGUARDED_AVAILABILITY = YES_AGGRESSIVE;
				CLANG_WARN_UNREACHABLE_CODE = YES;
				CLANG_WARN__DUPLICATE_METHOD_MATCH = YES;
				COPY_PHASE_STRIP = NO;
				DEBUG_INFORMATION_FORMAT = "dwarf-with-dsym";
				ENABLE_NS_ASSERTIONS = NO;
				ENABLE_STRICT_OBJC_MSGSEND = YES;
				GCC_C_LANGUAGE_STANDARD = gnu11;
				GCC_NO_COMMON_BLOCKS = YES;
				GCC_WARN_64_TO_32_BIT_CONVERSION = YES;
				GCC_WARN_ABOUT_RETURN_TYPE = YES_ERROR;
				GCC_WARN_UNDECLARED_SELECTOR = YES;
				GCC_WARN_UNINITIALIZED_AUTOS = YES_AGGRESSIVE;
				GCC_WARN_UNUSED_FUNCTION = YES;
				GCC_WARN_UNUSED_VARIABLE = YES;
				IPHONEOS_DEPLOYMENT_TARGET = 15.0;
				MTL_ENABLE_DEBUG_INFO = NO;
				MTL_FAST_MATH = YES;
				SDKROOT = iphoneos;
				SWIFT_COMPILATION_MODE = wholemodule;
				SWIFT_OPTIMIZATION_LEVEL = "-O";
				VALIDATE_PRODUCT = YES;
			};
			name = Release;
		};
		B24CCED327EA485100F4C81D /* Debug */ = {
			isa = XCBuildConfiguration;
			buildSettings = {
				ASSETCATALOG_COMPILER_APPICON_NAME = AppIcon;
				ASSETCATALOG_COMPILER_GLOBAL_ACCENT_COLOR_NAME = AccentColor;
				CODE_SIGN_IDENTITY = "Apple Development";
				CODE_SIGN_STYLE = Automatic;
				CURRENT_PROJECT_VERSION = 1;
				DEVELOPMENT_TEAM = "";
				GENERATE_INFOPLIST_FILE = YES;
				INFOPLIST_FILE = pawsome/Info.plist;
				INFOPLIST_KEY_UIApplicationSupportsIndirectInputEvents = YES;
				INFOPLIST_KEY_UILaunchStoryboardName = LaunchScreen;
				INFOPLIST_KEY_UIMainStoryboardFile = Main;
				INFOPLIST_KEY_UISupportedInterfaceOrientations_iPad = "UIInterfaceOrientationPortrait UIInterfaceOrientationPortraitUpsideDown UIInterfaceOrientationLandscapeLeft UIInterfaceOrientationLandscapeRight";
				INFOPLIST_KEY_UISupportedInterfaceOrientations_iPhone = "UIInterfaceOrientationPortrait UIInterfaceOrientationLandscapeLeft UIInterfaceOrientationLandscapeRight";
				LD_RUNPATH_SEARCH_PATHS = (
					"$(inherited)",
					"@executable_path/Frameworks",
				);
				MARKETING_VERSION = 1.0;
				PRODUCT_BUNDLE_IDENTIFIER = com.friends.pawsome;
				PRODUCT_NAME = "$(TARGET_NAME)";
				PROVISIONING_PROFILE_SPECIFIER = "";
				SWIFT_EMIT_LOC_STRINGS = YES;
				SWIFT_VERSION = 5.0;
				TARGETED_DEVICE_FAMILY = "1,2";
			};
			name = Debug;
		};
		B24CCED427EA485100F4C81D /* Release */ = {
			isa = XCBuildConfiguration;
			buildSettings = {
				ASSETCATALOG_COMPILER_APPICON_NAME = AppIcon;
				ASSETCATALOG_COMPILER_GLOBAL_ACCENT_COLOR_NAME = AccentColor;
				CODE_SIGN_IDENTITY = "Apple Development";
				CODE_SIGN_STYLE = Automatic;
				CURRENT_PROJECT_VERSION = 1;
				DEVELOPMENT_TEAM = "";
				GENERATE_INFOPLIST_FILE = YES;
				INFOPLIST_FILE = pawsome/Info.plist;
				INFOPLIST_KEY_UIApplicationSupportsIndirectInputEvents = YES;
				INFOPLIST_KEY_UILaunchStoryboardName = LaunchScreen;
				INFOPLIST_KEY_UIMainStoryboardFile = Main;
				INFOPLIST_KEY_UISupportedInterfaceOrientations_iPad = "UIInterfaceOrientationPortrait UIInterfaceOrientationPortraitUpsideDown UIInterfaceOrientationLandscapeLeft UIInterfaceOrientationLandscapeRight";
				INFOPLIST_KEY_UISupportedInterfaceOrientations_iPhone = "UIInterfaceOrientationPortrait UIInterfaceOrientationLandscapeLeft UIInterfaceOrientationLandscapeRight";
				LD_RUNPATH_SEARCH_PATHS = (
					"$(inherited)",
					"@executable_path/Frameworks",
				);
				MARKETING_VERSION = 1.0;
				PRODUCT_BUNDLE_IDENTIFIER = com.friends.pawsome;
				PRODUCT_NAME = "$(TARGET_NAME)";
				PROVISIONING_PROFILE_SPECIFIER = "";
				SWIFT_EMIT_LOC_STRINGS = YES;
				SWIFT_VERSION = 5.0;
				TARGETED_DEVICE_FAMILY = "1,2";
			};
			name = Release;
		};
		B24CCED627EA485100F4C81D /* Debug */ = {
			isa = XCBuildConfiguration;
			buildSettings = {
				ALWAYS_EMBED_SWIFT_STANDARD_LIBRARIES = YES;
				BUNDLE_LOADER = "$(TEST_HOST)";
				CODE_SIGN_STYLE = Automatic;
				CURRENT_PROJECT_VERSION = 1;
				DEVELOPMENT_TEAM = HW57NPTVW8;
				GENERATE_INFOPLIST_FILE = YES;
				IPHONEOS_DEPLOYMENT_TARGET = 15.4;
				MARKETING_VERSION = 1.0;
				PRODUCT_BUNDLE_IDENTIFIER = "LS.milestone-capstoneTests";
				PRODUCT_NAME = "$(TARGET_NAME)";
				SWIFT_EMIT_LOC_STRINGS = NO;
				SWIFT_VERSION = 5.0;
				TARGETED_DEVICE_FAMILY = "1,2";
				TEST_HOST = "$(BUILT_PRODUCTS_DIR)/pawsome.app/pawsome";
			};
			name = Debug;
		};
		B24CCED727EA485100F4C81D /* Release */ = {
			isa = XCBuildConfiguration;
			buildSettings = {
				ALWAYS_EMBED_SWIFT_STANDARD_LIBRARIES = YES;
				BUNDLE_LOADER = "$(TEST_HOST)";
				CODE_SIGN_STYLE = Automatic;
				CURRENT_PROJECT_VERSION = 1;
				DEVELOPMENT_TEAM = HW57NPTVW8;
				GENERATE_INFOPLIST_FILE = YES;
				IPHONEOS_DEPLOYMENT_TARGET = 15.4;
				MARKETING_VERSION = 1.0;
				PRODUCT_BUNDLE_IDENTIFIER = "LS.milestone-capstoneTests";
				PRODUCT_NAME = "$(TARGET_NAME)";
				SWIFT_EMIT_LOC_STRINGS = NO;
				SWIFT_VERSION = 5.0;
				TARGETED_DEVICE_FAMILY = "1,2";
				TEST_HOST = "$(BUILT_PRODUCTS_DIR)/pawsome.app/pawsome";
			};
			name = Release;
		};
		B24CCED927EA485100F4C81D /* Debug */ = {
			isa = XCBuildConfiguration;
			buildSettings = {
				ALWAYS_EMBED_SWIFT_STANDARD_LIBRARIES = YES;
				CODE_SIGN_STYLE = Automatic;
				CURRENT_PROJECT_VERSION = 1;
				DEVELOPMENT_TEAM = HW57NPTVW8;
				GENERATE_INFOPLIST_FILE = YES;
				MARKETING_VERSION = 1.0;
				PRODUCT_BUNDLE_IDENTIFIER = "LS.milestone-capstoneUITests";
				PRODUCT_NAME = "$(TARGET_NAME)";
				SWIFT_EMIT_LOC_STRINGS = NO;
				SWIFT_VERSION = 5.0;
				TARGETED_DEVICE_FAMILY = "1,2";
				TEST_TARGET_NAME = pawsome;
			};
			name = Debug;
		};
		B24CCEDA27EA485100F4C81D /* Release */ = {
			isa = XCBuildConfiguration;
			buildSettings = {
				ALWAYS_EMBED_SWIFT_STANDARD_LIBRARIES = YES;
				CODE_SIGN_STYLE = Automatic;
				CURRENT_PROJECT_VERSION = 1;
				DEVELOPMENT_TEAM = HW57NPTVW8;
				GENERATE_INFOPLIST_FILE = YES;
				MARKETING_VERSION = 1.0;
				PRODUCT_BUNDLE_IDENTIFIER = "LS.milestone-capstoneUITests";
				PRODUCT_NAME = "$(TARGET_NAME)";
				SWIFT_EMIT_LOC_STRINGS = NO;
				SWIFT_VERSION = 5.0;
				TARGETED_DEVICE_FAMILY = "1,2";
				TEST_TARGET_NAME = pawsome;
			};
			name = Release;
		};
/* End XCBuildConfiguration section */

/* Begin XCConfigurationList section */
		B24CCEA327EA484E00F4C81D /* Build configuration list for PBXProject "pawsome" */ = {
			isa = XCConfigurationList;
			buildConfigurations = (
				B24CCED027EA485100F4C81D /* Debug */,
				B24CCED127EA485100F4C81D /* Release */,
			);
			defaultConfigurationIsVisible = 0;
			defaultConfigurationName = Release;
		};
		B24CCED227EA485100F4C81D /* Build configuration list for PBXNativeTarget "pawsome" */ = {
			isa = XCConfigurationList;
			buildConfigurations = (
				B24CCED327EA485100F4C81D /* Debug */,
				B24CCED427EA485100F4C81D /* Release */,
			);
			defaultConfigurationIsVisible = 0;
			defaultConfigurationName = Release;
		};
		B24CCED527EA485100F4C81D /* Build configuration list for PBXNativeTarget "pawsomeTests" */ = {
			isa = XCConfigurationList;
			buildConfigurations = (
				B24CCED627EA485100F4C81D /* Debug */,
				B24CCED727EA485100F4C81D /* Release */,
			);
			defaultConfigurationIsVisible = 0;
			defaultConfigurationName = Release;
		};
		B24CCED827EA485100F4C81D /* Build configuration list for PBXNativeTarget "pawsomeUITests" */ = {
			isa = XCConfigurationList;
			buildConfigurations = (
				B24CCED927EA485100F4C81D /* Debug */,
				B24CCEDA27EA485100F4C81D /* Release */,
			);
			defaultConfigurationIsVisible = 0;
			defaultConfigurationName = Release;
		};
/* End XCConfigurationList section */
	};
	rootObject = B24CCEA027EA484E00F4C81D /* Project object */;
}
